
Microsoft Visual Studio Solution File, Format Version 12.00
# Visual Studio Version 17
VisualStudioVersion = 17.5.2.0
MinimumVisualStudioVersion = 10.0.40219.1
Project("{FAE04EC0-301F-11D3-BF4B-00C04F79EFBC}") = "techsonic-inc", "techsonic-inc.csproj", "{0D6A65A8-9E28-F885-47E2-B540AE997BFD}"
EndProject
Project("{2150E333-8FDC-42A3-9474-1A3956D46DE8}") = "tests", "tests", "{0AB3BF05-4346-4AA6-1389-037BE0695223}"
EndProject
Project("{FAE04EC0-301F-11D3-BF4B-00C04F79EFBC}") = "TicketPrime.Web", "..\frontend\TicketPrime.Web\TicketPrime.Web.csproj", "{F3A8C6E1-F8E8-46F8-9553-EE10984443AD}"
EndProject
Project("{FAE04EC0-301F-11D3-BF4B-00C04F79EFBC}") = "techsonic-inc.Tests", "..\tests\techsonic-inc.Tests\techsonic-inc.Tests.csproj", "{C1623E59-35B6-49E9-8331-B9695BED9272}"
EndProject
Global
	GlobalSection(SolutionConfigurationPlatforms) = preSolution
		Debug|Any CPU = Debug|Any CPU
		Debug|x64 = Debug|x64
		Debug|x86 = Debug|x86
		Release|Any CPU = Release|Any CPU
		Release|x64 = Release|x64
		Release|x86 = Release|x86
	EndGlobalSection
	GlobalSection(ProjectConfigurationPlatforms) = postSolution
		{0D6A65A8-9E28-F885-47E2-B540AE997BFD}.Debug|Any CPU.ActiveCfg = Debug|Any CPU
		{0D6A65A8-9E28-F885-47E2-B540AE997BFD}.Debug|Any CPU.Build.0 = Debug|Any CPU
		{0D6A65A8-9E28-F885-47E2-B540AE997BFD}.Debug|x64.ActiveCfg = Debug|Any CPU
		{0D6A65A8-9E28-F885-47E2-B540AE997BFD}.Debug|x64.Build.0 = Debug|Any CPU
		{0D6A65A8-9E28-F885-47E2-B540AE997BFD}.Debug|x86.ActiveCfg = Debug|Any CPU
		{0D6A65A8-9E28-F885-47E2-B540AE997BFD}.Debug|x86.Build.0 = Debug|Any CPU
		{0D6A65A8-9E28-F885-47E2-B540AE997BFD}.Release|Any CPU.ActiveCfg = Release|Any CPU
		{0D6A65A8-9E28-F885-47E2-B540AE997BFD}.Release|Any CPU.Build.0 = Release|Any CPU
		{0D6A65A8-9E28-F885-47E2-B540AE997BFD}.Release|x64.ActiveCfg = Release|Any CPU
		{0D6A65A8-9E28-F885-47E2-B540AE997BFD}.Release|x64.Build.0 = Release|Any CPU
		{0D6A65A8-9E28-F885-47E2-B540AE997BFD}.Release|x86.ActiveCfg = Release|Any CPU
		{0D6A65A8-9E28-F885-47E2-B540AE997BFD}.Release|x86.Build.0 = Release|Any CPU
		{F3A8C6E1-F8E8-46F8-9553-EE10984443AD}.Debug|Any CPU.ActiveCfg = Debug|Any CPU
		{F3A8C6E1-F8E8-46F8-9553-EE10984443AD}.Debug|Any CPU.Build.0 = Debug|Any CPU
		{F3A8C6E1-F8E8-46F8-9553-EE10984443AD}.Debug|x64.ActiveCfg = Debug|Any CPU
		{F3A8C6E1-F8E8-46F8-9553-EE10984443AD}.Debug|x64.Build.0 = Debug|Any CPU
		{F3A8C6E1-F8E8-46F8-9553-EE10984443AD}.Debug|x86.ActiveCfg = Debug|Any CPU
		{F3A8C6E1-F8E8-46F8-9553-EE10984443AD}.Debug|x86.Build.0 = Debug|Any CPU
		{F3A8C6E1-F8E8-46F8-9553-EE10984443AD}.Release|Any CPU.ActiveCfg = Release|Any CPU
		{F3A8C6E1-F8E8-46F8-9553-EE10984443AD}.Release|Any CPU.Build.0 = Release|Any CPU
		{F3A8C6E1-F8E8-46F8-9553-EE10984443AD}.Release|x64.ActiveCfg = Release|Any CPU
		{F3A8C6E1-F8E8-46F8-9553-EE10984443AD}.Release|x64.Build.0 = Release|Any CPU
		{F3A8C6E1-F8E8-46F8-9553-EE10984443AD}.Release|x86.ActiveCfg = Release|Any CPU
		{F3A8C6E1-F8E8-46F8-9553-EE10984443AD}.Release|x86.Build.0 = Release|Any CPU
		{C1623E59-35B6-49E9-8331-B9695BED9272}.Debug|Any CPU.ActiveCfg = Debug|Any CPU
		{C1623E59-35B6-49E9-8331-B9695BED9272}.Debug|Any CPU.Build.0 = Debug|Any CPU
		{C1623E59-35B6-49E9-8331-B9695BED9272}.Debug|x64.ActiveCfg = Debug|Any CPU
		{C1623E59-35B6-49E9-8331-B9695BED9272}.Debug|x64.Build.0 = Debug|Any CPU
		{C1623E59-35B6-49E9-8331-B9695BED9272}.Debug|x86.ActiveCfg = Debug|Any CPU
		{C1623E59-35B6-49E9-8331-B9695BED9272}.Debug|x86.Build.0 = Debug|Any CPU
		{C1623E59-35B6-49E9-8331-B9695BED9272}.Release|Any CPU.ActiveCfg = Release|Any CPU
		{C1623E59-35B6-49E9-8331-B9695BED9272}.Release|Any CPU.Build.0 = Release|Any CPU
		{C1623E59-35B6-49E9-8331-B9695BED9272}.Release|x64.ActiveCfg = Release|Any CPU
		{C1623E59-35B6-49E9-8331-B9695BED9272}.Release|x64.Build.0 = Release|Any CPU
		{C1623E59-35B6-49E9-8331-B9695BED9272}.Release|x86.ActiveCfg = Release|Any CPU
		{C1623E59-35B6-49E9-8331-B9695BED9272}.Release|x86.Build.0 = Release|Any CPU
	EndGlobalSection
	GlobalSection(SolutionProperties) = preSolution
		HideSolutionNode = FALSE
	EndGlobalSection
	GlobalSection(ExtensibilityGlobals) = postSolution
		SolutionGuid = {467D4E18-ADAF-4EBB-B4BF-0A81DDE9CC9D}
	EndGlobalSection
EndGlobal
